
Microsoft Visual Studio Solution File, Format Version 12.00
# Visual Studio Version 17
VisualStudioVersion = 17.14.36429.23 d17.14
MinimumVisualStudioVersion = 10.0.40219.1
Project("{FAE04EC0-301F-11D3-BF4B-00C04F79EFBC}") = "VolumEsfera", "VolumEsfera\VolumEsfera.csproj", "{FCCEBC9F-84A4-4C55-BB40-5705A5C45A21}"
EndProject
Global
	GlobalSection(SolutionConfigurationPlatforms) = preSolution
		Debug|Any CPU = Debug|Any CPU
		Release|Any CPU = Release|Any CPU
	EndGlobalSection
	GlobalSection(ProjectConfigurationPlatforms) = postSolution
		{FCCEBC9F-84A4-4C55-BB40-5705A5C45A21}.Debug|Any CPU.ActiveCfg = Debug|Any CPU
		{FCCEBC9F-84A4-4C55-BB40-5705A5C45A21}.Debug|Any CPU.Build.0 = Debug|Any CPU
		{FCCEBC9F-84A4-4C55-BB40-5705A5C45A21}.Release|Any CPU.ActiveCfg = Release|Any CPU
		{FCCEBC9F-84A4-4C55-BB40-5705A5C45A21}.Release|Any CPU.Build.0 = Release|Any CPU
	EndGlobalSection
	GlobalSection(SolutionProperties) = preSolution
		HideSolutionNode = FALSE
	EndGlobalSection
	GlobalSection(ExtensibilityGlobals) = postSolution
		SolutionGuid = {760F2E20-F66D-48E3-A5D3-4C0A6947DA8A}
	EndGlobalSection
EndGlobal
