
Microsoft Visual Studio Solution File, Format Version 12.00
# Visual Studio Version 17
VisualStudioVersion = 17.14.36616.10
MinimumVisualStudioVersion = 10.0.40219.1
Project("{FAE04EC0-301F-11D3-BF4B-00C04F79EFBC}") = "Ex01", "Ex01\Ex01.csproj", "{E4A50CD3-74EA-4E5E-9ED1-E865A40933EC}"
EndProject
Project("{FAE04EC0-301F-11D3-BF4B-00C04F79EFBC}") = "Ex02", "Ex02\Ex02.csproj", "{3873192E-A842-4890-89A9-2290C60B9D65}"
EndProject
Project("{FAE04EC0-301F-11D3-BF4B-00C04F79EFBC}") = "Ex03", "Ex03\Ex03.csproj", "{C2F17CB3-92EF-4166-9965-DA7E5381EB4F}"
EndProject
Project("{FAE04EC0-301F-11D3-BF4B-00C04F79EFBC}") = "Ex07", "Ex07\Ex07.csproj", "{A3827826-FB31-481A-9878-873C7A5470F4}"
EndProject
Global
	GlobalSection(SolutionConfigurationPlatforms) = preSolution
		Debug|Any CPU = Debug|Any CPU
		Release|Any CPU = Release|Any CPU
	EndGlobalSection
	GlobalSection(ProjectConfigurationPlatforms) = postSolution
		{E4A50CD3-74EA-4E5E-9ED1-E865A40933EC}.Debug|Any CPU.ActiveCfg = Debug|Any CPU
		{E4A50CD3-74EA-4E5E-9ED1-E865A40933EC}.Debug|Any CPU.Build.0 = Debug|Any CPU
		{E4A50CD3-74EA-4E5E-9ED1-E865A40933EC}.Release|Any CPU.ActiveCfg = Release|Any CPU
		{E4A50CD3-74EA-4E5E-9ED1-E865A40933EC}.Release|Any CPU.Build.0 = Release|Any CPU
		{3873192E-A842-4890-89A9-2290C60B9D65}.Debug|Any CPU.ActiveCfg = Debug|Any CPU
		{3873192E-A842-4890-89A9-2290C60B9D65}.Debug|Any CPU.Build.0 = Debug|Any CPU
		{3873192E-A842-4890-89A9-2290C60B9D65}.Release|Any CPU.ActiveCfg = Release|Any CPU
		{3873192E-A842-4890-89A9-2290C60B9D65}.Release|Any CPU.Build.0 = Release|Any CPU
		{C2F17CB3-92EF-4166-9965-DA7E5381EB4F}.Debug|Any CPU.ActiveCfg = Debug|Any CPU
		{C2F17CB3-92EF-4166-9965-DA7E5381EB4F}.Debug|Any CPU.Build.0 = Debug|Any CPU
		{C2F17CB3-92EF-4166-9965-DA7E5381EB4F}.Release|Any CPU.ActiveCfg = Release|Any CPU
		{C2F17CB3-92EF-4166-9965-DA7E5381EB4F}.Release|Any CPU.Build.0 = Release|Any CPU
		{A3827826-FB31-481A-9878-873C7A5470F4}.Debug|Any CPU.ActiveCfg = Debug|Any CPU
		{A3827826-FB31-481A-9878-873C7A5470F4}.Debug|Any CPU.Build.0 = Debug|Any CPU
		{A3827826-FB31-481A-9878-873C7A5470F4}.Release|Any CPU.ActiveCfg = Release|Any CPU
		{A3827826-FB31-481A-9878-873C7A5470F4}.Release|Any CPU.Build.0 = Release|Any CPU
	EndGlobalSection
	GlobalSection(SolutionProperties) = preSolution
		HideSolutionNode = FALSE
	EndGlobalSection
	GlobalSection(ExtensibilityGlobals) = postSolution
		SolutionGuid = {D877B852-3232-4991-8AE6-8DF6EC023E4A}
	EndGlobalSection
EndGlobal
