<Solution>
  <Project Path="Arrays/Arrays.csproj" />
  <Project Path="Ex02/Ex02.csproj" Id="973e7b57-8ef5-43b1-bbda-59a068a99d88" />
  <Project Path="Ex03/Ex03.csproj" Id="733c5633-7042-4c73-ba15-bf57cba80587" />
  <Project Path="Ex04/Ex04.csproj" Id="4a060315-a615-411a-b64f-42f7cacf073d" />
  <Project Path="Ex05/Ex05.csproj" Id="9bc02aa9-71a0-4ee6-9d54-86a5fc85df18" />
  <Project Path="Ex06/Ex06.csproj" Id="0cc0942a-a88b-4e8e-bc3f-40cac734e9db" />
  <Project Path="Ex07/Ex07.csproj" Id="9ecf44e7-88bd-4f45-b0b7-63fd68d3f135" />
  <Project Path="Ex08/Ex08.csproj" Id="abae7805-8942-4293-8b2f-e67ef0c6fccd" />
  <Project Path="Ex09/Ex09.csproj" Id="c0774190-8e60-48bc-a012-934287c3b830" />
  <Project Path="Ex10/Ex10.csproj" Id="42b15495-2c9e-4eae-8739-8f8d3bd81c42" />
  <Project Path="Ex11/Ex11.csproj" Id="01afcf29-7ede-49a2-a95b-0f63d1775c25" />
  <Project Path="Ex12/Ex12.csproj" Id="a403c404-c56a-4bd9-998c-2ecbe40d3d8f" />
  <Project Path="Ex13/Ex13.csproj" Id="658df1fb-1a36-48d8-84fd-3f0c4c03bf9b" />
  <Project Path="Ex14/Ex14.csproj" Id="bc8021b8-2d75-4dc3-8f65-c22f77a00639" />
  <Project Path="Ex15/Ex15.csproj" Id="ac8ccac4-cce8-4240-8a41-e41e2f360a64" />
  <Project Path="Ex16/Ex16.csproj" Id="9892a496-5439-491a-a58c-c7ff5a502af3" />
  <Project Path="Ex17/Ex17.csproj" Id="4cc2fda4-0f8b-48e6-b5b1-e99ac88bddc3" />
  <Project Path="Ex18/Ex18.csproj" Id="c5c3a97f-abb9-4666-a8d1-d29c2ff692c3" />
  <Project Path="Ex19/Ex19.csproj" Id="4ad0e391-87c3-479d-b2a4-c7aae196b096" />
  <Project Path="Ex20/Ex20.csproj" Id="6ecc373f-9810-4f96-8a97-4cd18409ea11" />
  <Project Path="Ex21/Ex21.csproj" Id="3f74b757-2b47-4dc2-9262-b44895cf8536" />
  <Project Path="Ex22/Ex22.csproj" Id="27b7bc2a-fd52-431a-8307-ef3f42b15f3e" />
  <Project Path="TestArrays/TestArrays.csproj" />
</Solution>
