
Microsoft Visual Studio Solution File, Format Version 12.00
# Visual Studio Version 17
VisualStudioVersion = 17.14.36616.10
MinimumVisualStudioVersion = 10.0.40219.1
Project("{FAE04EC0-301F-11D3-BF4B-00C04F79EFBC}") = "Ex01", "Ex01\Ex01.csproj", "{075FC1C4-1CA4-428B-8984-1A4E3BE5B212}"
EndProject
Project("{FAE04EC0-301F-11D3-BF4B-00C04F79EFBC}") = "Ex02", "Ex02\Ex02.csproj", "{33C644FE-0649-4FB8-9243-C17709CDE7B9}"
EndProject
Project("{FAE04EC0-301F-11D3-BF4B-00C04F79EFBC}") = "Ex03", "Ex03\Ex03.csproj", "{D529092A-FDE8-45EC-8EEB-10E67718A35A}"
EndProject
Project("{FAE04EC0-301F-11D3-BF4B-00C04F79EFBC}") = "Ex05", "Ex05\Ex05.csproj", "{DB4C452E-74EC-46F4-9FD2-443CFF0D964E}"
EndProject
Project("{FAE04EC0-301F-11D3-BF4B-00C04F79EFBC}") = "Ex05b", "Ex05b\Ex05b.csproj", "{B4E256AE-AE0B-432B-8BC2-3909DCA19F2E}"
EndProject
Project("{FAE04EC0-301F-11D3-BF4B-00C04F79EFBC}") = "Ex05c", "Ex05c\Ex05c.csproj", "{BAE1798F-3C4A-4F33-B840-09FFD5E10FB6}"
EndProject
Project("{FAE04EC0-301F-11D3-BF4B-00C04F79EFBC}") = "Ex06", "Ex06\Ex06.csproj", "{54FCBCDB-F4BA-493A-A444-067C27263AC7}"
EndProject
Project("{FAE04EC0-301F-11D3-BF4B-00C04F79EFBC}") = "Ex06b", "Ex06b\Ex06b.csproj", "{323C8E46-103B-4E80-8FC2-809E710F65AF}"
EndProject
Project("{FAE04EC0-301F-11D3-BF4B-00C04F79EFBC}") = "Ex06c", "Ex06c\Ex06c.csproj", "{7DB992EF-546D-4D24-98B5-D27887904B94}"
EndProject
Project("{FAE04EC0-301F-11D3-BF4B-00C04F79EFBC}") = "Ex06e", "Ex06e\Ex06e.csproj", "{840F04F2-45FC-49CE-8A90-D3CD7D01D5FE}"
EndProject
Project("{FAE04EC0-301F-11D3-BF4B-00C04F79EFBC}") = "Ex07", "Ex07\Ex07.csproj", "{D0331C18-436B-431D-863A-CA96D5B6D890}"
EndProject
Project("{FAE04EC0-301F-11D3-BF4B-00C04F79EFBC}") = "Ex04", "Ex04\Ex04.csproj", "{0AEF51FD-51A2-40B9-BE85-7FD2323E81DA}"
EndProject
Project("{FAE04EC0-301F-11D3-BF4B-00C04F79EFBC}") = "Ex08", "Ex08\Ex08.csproj", "{28602866-3107-47B5-B92E-D1E39D9D57AC}"
EndProject
Project("{FAE04EC0-301F-11D3-BF4B-00C04F79EFBC}") = "Ex09", "Ex09\Ex09.csproj", "{A753891E-FDDA-4478-B600-69FD4D933761}"
EndProject
Project("{FAE04EC0-301F-11D3-BF4B-00C04F79EFBC}") = "Ex10", "Ex10\Ex10.csproj", "{8B096746-B939-4A7B-9805-6D88B7495A9E}"
EndProject
Project("{FAE04EC0-301F-11D3-BF4B-00C04F79EFBC}") = "Ex11", "Ex11\Ex11.csproj", "{539539C2-D3DE-4762-BEBE-EB5B2C34669B}"
EndProject
Project("{FAE04EC0-301F-11D3-BF4B-00C04F79EFBC}") = "Ex02b", "Ex02b\Ex02b.csproj", "{99AF56A7-1D83-48C3-A323-F5F1012F0E8E}"
EndProject
Project("{FAE04EC0-301F-11D3-BF4B-00C04F79EFBC}") = "Ex03b", "Ex03b\Ex03b.csproj", "{A890868E-A1E1-4E2B-B1E3-3B46CEAD4E52}"
EndProject
Global
	GlobalSection(SolutionConfigurationPlatforms) = preSolution
		Debug|Any CPU = Debug|Any CPU
		Release|Any CPU = Release|Any CPU
	EndGlobalSection
	GlobalSection(ProjectConfigurationPlatforms) = postSolution
		{075FC1C4-1CA4-428B-8984-1A4E3BE5B212}.Debug|Any CPU.ActiveCfg = Debug|Any CPU
		{075FC1C4-1CA4-428B-8984-1A4E3BE5B212}.Debug|Any CPU.Build.0 = Debug|Any CPU
		{075FC1C4-1CA4-428B-8984-1A4E3BE5B212}.Release|Any CPU.ActiveCfg = Release|Any CPU
		{075FC1C4-1CA4-428B-8984-1A4E3BE5B212}.Release|Any CPU.Build.0 = Release|Any CPU
		{33C644FE-0649-4FB8-9243-C17709CDE7B9}.Debug|Any CPU.ActiveCfg = Debug|Any CPU
		{33C644FE-0649-4FB8-9243-C17709CDE7B9}.Debug|Any CPU.Build.0 = Debug|Any CPU
		{33C644FE-0649-4FB8-9243-C17709CDE7B9}.Release|Any CPU.ActiveCfg = Release|Any CPU
		{33C644FE-0649-4FB8-9243-C17709CDE7B9}.Release|Any CPU.Build.0 = Release|Any CPU
		{D529092A-FDE8-45EC-8EEB-10E67718A35A}.Debug|Any CPU.ActiveCfg = Debug|Any CPU
		{D529092A-FDE8-45EC-8EEB-10E67718A35A}.Debug|Any CPU.Build.0 = Debug|Any CPU
		{D529092A-FDE8-45EC-8EEB-10E67718A35A}.Release|Any CPU.ActiveCfg = Release|Any CPU
		{D529092A-FDE8-45EC-8EEB-10E67718A35A}.Release|Any CPU.Build.0 = Release|Any CPU
		{DB4C452E-74EC-46F4-9FD2-443CFF0D964E}.Debug|Any CPU.ActiveCfg = Debug|Any CPU
		{DB4C452E-74EC-46F4-9FD2-443CFF0D964E}.Debug|Any CPU.Build.0 = Debug|Any CPU
		{DB4C452E-74EC-46F4-9FD2-443CFF0D964E}.Release|Any CPU.ActiveCfg = Release|Any CPU
		{DB4C452E-74EC-46F4-9FD2-443CFF0D964E}.Release|Any CPU.Build.0 = Release|Any CPU
		{B4E256AE-AE0B-432B-8BC2-3909DCA19F2E}.Debug|Any CPU.ActiveCfg = Debug|Any CPU
		{B4E256AE-AE0B-432B-8BC2-3909DCA19F2E}.Debug|Any CPU.Build.0 = Debug|Any CPU
		{B4E256AE-AE0B-432B-8BC2-3909DCA19F2E}.Release|Any CPU.ActiveCfg = Release|Any CPU
		{B4E256AE-AE0B-432B-8BC2-3909DCA19F2E}.Release|Any CPU.Build.0 = Release|Any CPU
		{BAE1798F-3C4A-4F33-B840-09FFD5E10FB6}.Debug|Any CPU.ActiveCfg = Debug|Any CPU
		{BAE1798F-3C4A-4F33-B840-09FFD5E10FB6}.Debug|Any CPU.Build.0 = Debug|Any CPU
		{BAE1798F-3C4A-4F33-B840-09FFD5E10FB6}.Release|Any CPU.ActiveCfg = Release|Any CPU
		{BAE1798F-3C4A-4F33-B840-09FFD5E10FB6}.Release|Any CPU.Build.0 = Release|Any CPU
		{54FCBCDB-F4BA-493A-A444-067C27263AC7}.Debug|Any CPU.ActiveCfg = Debug|Any CPU
		{54FCBCDB-F4BA-493A-A444-067C27263AC7}.Debug|Any CPU.Build.0 = Debug|Any CPU
		{54FCBCDB-F4BA-493A-A444-067C27263AC7}.Release|Any CPU.ActiveCfg = Release|Any CPU
		{54FCBCDB-F4BA-493A-A444-067C27263AC7}.Release|Any CPU.Build.0 = Release|Any CPU
		{323C8E46-103B-4E80-8FC2-809E710F65AF}.Debug|Any CPU.ActiveCfg = Debug|Any CPU
		{323C8E46-103B-4E80-8FC2-809E710F65AF}.Debug|Any CPU.Build.0 = Debug|Any CPU
		{323C8E46-103B-4E80-8FC2-809E710F65AF}.Release|Any CPU.ActiveCfg = Release|Any CPU
		{323C8E46-103B-4E80-8FC2-809E710F65AF}.Release|Any CPU.Build.0 = Release|Any CPU
		{7DB992EF-546D-4D24-98B5-D27887904B94}.Debug|Any CPU.ActiveCfg = Debug|Any CPU
		{7DB992EF-546D-4D24-98B5-D27887904B94}.Debug|Any CPU.Build.0 = Debug|Any CPU
		{7DB992EF-546D-4D24-98B5-D27887904B94}.Release|Any CPU.ActiveCfg = Release|Any CPU
		{7DB992EF-546D-4D24-98B5-D27887904B94}.Release|Any CPU.Build.0 = Release|Any CPU
		{840F04F2-45FC-49CE-8A90-D3CD7D01D5FE}.Debug|Any CPU.ActiveCfg = Debug|Any CPU
		{840F04F2-45FC-49CE-8A90-D3CD7D01D5FE}.Debug|Any CPU.Build.0 = Debug|Any CPU
		{840F04F2-45FC-49CE-8A90-D3CD7D01D5FE}.Release|Any CPU.ActiveCfg = Release|Any CPU
		{840F04F2-45FC-49CE-8A90-D3CD7D01D5FE}.Release|Any CPU.Build.0 = Release|Any CPU
		{D0331C18-436B-431D-863A-CA96D5B6D890}.Debug|Any CPU.ActiveCfg = Debug|Any CPU
		{D0331C18-436B-431D-863A-CA96D5B6D890}.Debug|Any CPU.Build.0 = Debug|Any CPU
		{D0331C18-436B-431D-863A-CA96D5B6D890}.Release|Any CPU.ActiveCfg = Release|Any CPU
		{D0331C18-436B-431D-863A-CA96D5B6D890}.Release|Any CPU.Build.0 = Release|Any CPU
		{0AEF51FD-51A2-40B9-BE85-7FD2323E81DA}.Debug|Any CPU.ActiveCfg = Debug|Any CPU
		{0AEF51FD-51A2-40B9-BE85-7FD2323E81DA}.Debug|Any CPU.Build.0 = Debug|Any CPU
		{0AEF51FD-51A2-40B9-BE85-7FD2323E81DA}.Release|Any CPU.ActiveCfg = Release|Any CPU
		{0AEF51FD-51A2-40B9-BE85-7FD2323E81DA}.Release|Any CPU.Build.0 = Release|Any CPU
		{28602866-3107-47B5-B92E-D1E39D9D57AC}.Debug|Any CPU.ActiveCfg = Debug|Any CPU
		{28602866-3107-47B5-B92E-D1E39D9D57AC}.Debug|Any CPU.Build.0 = Debug|Any CPU
		{28602866-3107-47B5-B92E-D1E39D9D57AC}.Release|Any CPU.ActiveCfg = Release|Any CPU
		{28602866-3107-47B5-B92E-D1E39D9D57AC}.Release|Any CPU.Build.0 = Release|Any CPU
		{A753891E-FDDA-4478-B600-69FD4D933761}.Debug|Any CPU.ActiveCfg = Debug|Any CPU
		{A753891E-FDDA-4478-B600-69FD4D933761}.Debug|Any CPU.Build.0 = Debug|Any CPU
		{A753891E-FDDA-4478-B600-69FD4D933761}.Release|Any CPU.ActiveCfg = Release|Any CPU
		{A753891E-FDDA-4478-B600-69FD4D933761}.Release|Any CPU.Build.0 = Release|Any CPU
		{8B096746-B939-4A7B-9805-6D88B7495A9E}.Debug|Any CPU.ActiveCfg = Debug|Any CPU
		{8B096746-B939-4A7B-9805-6D88B7495A9E}.Debug|Any CPU.Build.0 = Debug|Any CPU
		{8B096746-B939-4A7B-9805-6D88B7495A9E}.Release|Any CPU.ActiveCfg = Release|Any CPU
		{8B096746-B939-4A7B-9805-6D88B7495A9E}.Release|Any CPU.Build.0 = Release|Any CPU
		{539539C2-D3DE-4762-BEBE-EB5B2C34669B}.Debug|Any CPU.ActiveCfg = Debug|Any CPU
		{539539C2-D3DE-4762-BEBE-EB5B2C34669B}.Debug|Any CPU.Build.0 = Debug|Any CPU
		{539539C2-D3DE-4762-BEBE-EB5B2C34669B}.Release|Any CPU.ActiveCfg = Release|Any CPU
		{539539C2-D3DE-4762-BEBE-EB5B2C34669B}.Release|Any CPU.Build.0 = Release|Any CPU
		{99AF56A7-1D83-48C3-A323-F5F1012F0E8E}.Debug|Any CPU.ActiveCfg = Debug|Any CPU
		{99AF56A7-1D83-48C3-A323-F5F1012F0E8E}.Debug|Any CPU.Build.0 = Debug|Any CPU
		{99AF56A7-1D83-48C3-A323-F5F1012F0E8E}.Release|Any CPU.ActiveCfg = Release|Any CPU
		{99AF56A7-1D83-48C3-A323-F5F1012F0E8E}.Release|Any CPU.Build.0 = Release|Any CPU
		{A890868E-A1E1-4E2B-B1E3-3B46CEAD4E52}.Debug|Any CPU.ActiveCfg = Debug|Any CPU
		{A890868E-A1E1-4E2B-B1E3-3B46CEAD4E52}.Debug|Any CPU.Build.0 = Debug|Any CPU
		{A890868E-A1E1-4E2B-B1E3-3B46CEAD4E52}.Release|Any CPU.ActiveCfg = Release|Any CPU
		{A890868E-A1E1-4E2B-B1E3-3B46CEAD4E52}.Release|Any CPU.Build.0 = Release|Any CPU
	EndGlobalSection
	GlobalSection(SolutionProperties) = preSolution
		HideSolutionNode = FALSE
	EndGlobalSection
	GlobalSection(ExtensibilityGlobals) = postSolution
		SolutionGuid = {9DD40539-0297-4375-B179-B61CE0554B19}
	EndGlobalSection
EndGlobal
