
Microsoft Visual Studio Solution File, Format Version 12.00
# Visual Studio Version 17
VisualStudioVersion = 17.14.36511.14
MinimumVisualStudioVersion = 10.0.40219.1
Project("{FAE04EC0-301F-11D3-BF4B-00C04F79EFBC}") = "Ex01", "Ex01\Ex01.csproj", "{702EFD6F-51E2-4891-B747-6C42E5158E32}"
EndProject
Project("{FAE04EC0-301F-11D3-BF4B-00C04F79EFBC}") = "Ex02", "Ex02\Ex02.csproj", "{971AD073-7E4A-44BC-9200-44594093BFBA}"
EndProject
Project("{FAE04EC0-301F-11D3-BF4B-00C04F79EFBC}") = "Ex03", "Ex03\Ex03.csproj", "{93942BB7-25C0-4503-B4A1-455C612AB79C}"
EndProject
Project("{FAE04EC0-301F-11D3-BF4B-00C04F79EFBC}") = "Ex04", "Ex4\Ex04.csproj", "{A45493CF-DA53-488D-B626-01D5B03BCEBC}"
EndProject
Project("{FAE04EC0-301F-11D3-BF4B-00C04F79EFBC}") = "Ex05", "Ex5\Ex05.csproj", "{520AB745-BF79-410A-AF9B-0603BA96D530}"
EndProject
Project("{FAE04EC0-301F-11D3-BF4B-00C04F79EFBC}") = "Ex06", "Ex6\Ex06.csproj", "{1736372D-EE32-4B93-90AF-376B398F7902}"
EndProject
Project("{FAE04EC0-301F-11D3-BF4B-00C04F79EFBC}") = "Ex07", "Ex7\Ex07.csproj", "{A8E71C0F-F8DC-4D78-B675-A2AA58CCFE73}"
EndProject
Project("{FAE04EC0-301F-11D3-BF4B-00C04F79EFBC}") = "Ex08", "Ex08\Ex08.csproj", "{83047CDC-E884-4835-8B4A-B809FD7D1212}"
EndProject
Project("{FAE04EC0-301F-11D3-BF4B-00C04F79EFBC}") = "Ex09", "Ex09\Ex09.csproj", "{86B8CD9E-08A7-49F9-BFEA-3BB76DD76861}"
EndProject
Project("{FAE04EC0-301F-11D3-BF4B-00C04F79EFBC}") = "Ex10", "Ex10\Ex10.csproj", "{ECDB8838-6634-4B57-A419-85D70F44CB32}"
EndProject
Project("{FAE04EC0-301F-11D3-BF4B-00C04F79EFBC}") = "Ex11", "Ex11\Ex11.csproj", "{ABC4B2F6-7744-4D16-8BFA-CE77E94E6EF4}"
EndProject
Project("{FAE04EC0-301F-11D3-BF4B-00C04F79EFBC}") = "Ex12", "Ex12\Ex12.csproj", "{A2A6A3B2-FA56-4824-BC21-39816864EE88}"
EndProject
Project("{FAE04EC0-301F-11D3-BF4B-00C04F79EFBC}") = "Ex13", "Ex13\Ex13.csproj", "{B7D9F649-6895-44A6-986D-C34CF1B8AA40}"
EndProject
Project("{FAE04EC0-301F-11D3-BF4B-00C04F79EFBC}") = "Ex14", "Ex14\Ex14.csproj", "{4E12B812-7F2D-4DA2-8585-CFDCDA503EA8}"
EndProject
Project("{FAE04EC0-301F-11D3-BF4B-00C04F79EFBC}") = "Ex15", "Ex15\Ex15.csproj", "{7753B361-274B-448C-9786-7199A6B8DB86}"
EndProject
Project("{FAE04EC0-301F-11D3-BF4B-00C04F79EFBC}") = "Ex16", "Ex16\Ex16.csproj", "{69AC86FC-D30F-49DD-95F3-71784829E9C7}"
EndProject
Project("{FAE04EC0-301F-11D3-BF4B-00C04F79EFBC}") = "Ex17", "Ex17\Ex17.csproj", "{7DA41866-ACA8-4D11-90F2-98CE81F3BD85}"
EndProject
Project("{FAE04EC0-301F-11D3-BF4B-00C04F79EFBC}") = "Ex18", "Ex18\Ex18.csproj", "{45270367-91D3-43AC-9458-09C3D1B33E77}"
EndProject
Project("{FAE04EC0-301F-11D3-BF4B-00C04F79EFBC}") = "Extra01", "Extra1\Extra01.csproj", "{27371673-FB33-47EB-B0B2-919351B32C17}"
EndProject
Project("{FAE04EC0-301F-11D3-BF4B-00C04F79EFBC}") = "Extra03", "Extra3\Extra03.csproj", "{2E1970BA-F9D0-41A7-839C-93D7254D2DF8}"
EndProject
Project("{FAE04EC0-301F-11D3-BF4B-00C04F79EFBC}") = "Extra29", "Extra29\Extra29.csproj", "{B970B9A1-D027-4D92-84A5-0D2DCB272535}"
EndProject
Project("{FAE04EC0-301F-11D3-BF4B-00C04F79EFBC}") = "Extra07", "Extra07\Extra07.csproj", "{4C4F531A-6885-40E7-A141-5F533CD73D80}"
EndProject
Project("{FAE04EC0-301F-11D3-BF4B-00C04F79EFBC}") = "Extra08", "Extra08\Extra08.csproj", "{E3873BF6-D358-4161-8EF0-D0196E0D1446}"
EndProject
Project("{FAE04EC0-301F-11D3-BF4B-00C04F79EFBC}") = "Extra13", "Extra13\Extra13.csproj", "{5E58182C-125F-49C5-A73A-F234F8E8C2DA}"
EndProject
Global
	GlobalSection(SolutionConfigurationPlatforms) = preSolution
		Debug|Any CPU = Debug|Any CPU
		Release|Any CPU = Release|Any CPU
	EndGlobalSection
	GlobalSection(ProjectConfigurationPlatforms) = postSolution
		{702EFD6F-51E2-4891-B747-6C42E5158E32}.Debug|Any CPU.ActiveCfg = Debug|Any CPU
		{702EFD6F-51E2-4891-B747-6C42E5158E32}.Debug|Any CPU.Build.0 = Debug|Any CPU
		{702EFD6F-51E2-4891-B747-6C42E5158E32}.Release|Any CPU.ActiveCfg = Release|Any CPU
		{702EFD6F-51E2-4891-B747-6C42E5158E32}.Release|Any CPU.Build.0 = Release|Any CPU
		{971AD073-7E4A-44BC-9200-44594093BFBA}.Debug|Any CPU.ActiveCfg = Debug|Any CPU
		{971AD073-7E4A-44BC-9200-44594093BFBA}.Debug|Any CPU.Build.0 = Debug|Any CPU
		{971AD073-7E4A-44BC-9200-44594093BFBA}.Release|Any CPU.ActiveCfg = Release|Any CPU
		{971AD073-7E4A-44BC-9200-44594093BFBA}.Release|Any CPU.Build.0 = Release|Any CPU
		{93942BB7-25C0-4503-B4A1-455C612AB79C}.Debug|Any CPU.ActiveCfg = Debug|Any CPU
		{93942BB7-25C0-4503-B4A1-455C612AB79C}.Debug|Any CPU.Build.0 = Debug|Any CPU
		{93942BB7-25C0-4503-B4A1-455C612AB79C}.Release|Any CPU.ActiveCfg = Release|Any CPU
		{93942BB7-25C0-4503-B4A1-455C612AB79C}.Release|Any CPU.Build.0 = Release|Any CPU
		{A45493CF-DA53-488D-B626-01D5B03BCEBC}.Debug|Any CPU.ActiveCfg = Debug|Any CPU
		{A45493CF-DA53-488D-B626-01D5B03BCEBC}.Debug|Any CPU.Build.0 = Debug|Any CPU
		{A45493CF-DA53-488D-B626-01D5B03BCEBC}.Release|Any CPU.ActiveCfg = Release|Any CPU
		{A45493CF-DA53-488D-B626-01D5B03BCEBC}.Release|Any CPU.Build.0 = Release|Any CPU
		{520AB745-BF79-410A-AF9B-0603BA96D530}.Debug|Any CPU.ActiveCfg = Debug|Any CPU
		{520AB745-BF79-410A-AF9B-0603BA96D530}.Debug|Any CPU.Build.0 = Debug|Any CPU
		{520AB745-BF79-410A-AF9B-0603BA96D530}.Release|Any CPU.ActiveCfg = Release|Any CPU
		{520AB745-BF79-410A-AF9B-0603BA96D530}.Release|Any CPU.Build.0 = Release|Any CPU
		{1736372D-EE32-4B93-90AF-376B398F7902}.Debug|Any CPU.ActiveCfg = Debug|Any CPU
		{1736372D-EE32-4B93-90AF-376B398F7902}.Debug|Any CPU.Build.0 = Debug|Any CPU
		{1736372D-EE32-4B93-90AF-376B398F7902}.Release|Any CPU.ActiveCfg = Release|Any CPU
		{1736372D-EE32-4B93-90AF-376B398F7902}.Release|Any CPU.Build.0 = Release|Any CPU
		{A8E71C0F-F8DC-4D78-B675-A2AA58CCFE73}.Debug|Any CPU.ActiveCfg = Debug|Any CPU
		{A8E71C0F-F8DC-4D78-B675-A2AA58CCFE73}.Debug|Any CPU.Build.0 = Debug|Any CPU
		{A8E71C0F-F8DC-4D78-B675-A2AA58CCFE73}.Release|Any CPU.ActiveCfg = Release|Any CPU
		{A8E71C0F-F8DC-4D78-B675-A2AA58CCFE73}.Release|Any CPU.Build.0 = Release|Any CPU
		{83047CDC-E884-4835-8B4A-B809FD7D1212}.Debug|Any CPU.ActiveCfg = Debug|Any CPU
		{83047CDC-E884-4835-8B4A-B809FD7D1212}.Debug|Any CPU.Build.0 = Debug|Any CPU
		{83047CDC-E884-4835-8B4A-B809FD7D1212}.Release|Any CPU.ActiveCfg = Release|Any CPU
		{83047CDC-E884-4835-8B4A-B809FD7D1212}.Release|Any CPU.Build.0 = Release|Any CPU
		{86B8CD9E-08A7-49F9-BFEA-3BB76DD76861}.Debug|Any CPU.ActiveCfg = Debug|Any CPU
		{86B8CD9E-08A7-49F9-BFEA-3BB76DD76861}.Debug|Any CPU.Build.0 = Debug|Any CPU
		{86B8CD9E-08A7-49F9-BFEA-3BB76DD76861}.Release|Any CPU.ActiveCfg = Release|Any CPU
		{86B8CD9E-08A7-49F9-BFEA-3BB76DD76861}.Release|Any CPU.Build.0 = Release|Any CPU
		{ECDB8838-6634-4B57-A419-85D70F44CB32}.Debug|Any CPU.ActiveCfg = Debug|Any CPU
		{ECDB8838-6634-4B57-A419-85D70F44CB32}.Debug|Any CPU.Build.0 = Debug|Any CPU
		{ECDB8838-6634-4B57-A419-85D70F44CB32}.Release|Any CPU.ActiveCfg = Release|Any CPU
		{ECDB8838-6634-4B57-A419-85D70F44CB32}.Release|Any CPU.Build.0 = Release|Any CPU
		{ABC4B2F6-7744-4D16-8BFA-CE77E94E6EF4}.Debug|Any CPU.ActiveCfg = Debug|Any CPU
		{ABC4B2F6-7744-4D16-8BFA-CE77E94E6EF4}.Debug|Any CPU.Build.0 = Debug|Any CPU
		{ABC4B2F6-7744-4D16-8BFA-CE77E94E6EF4}.Release|Any CPU.ActiveCfg = Release|Any CPU
		{ABC4B2F6-7744-4D16-8BFA-CE77E94E6EF4}.Release|Any CPU.Build.0 = Release|Any CPU
		{A2A6A3B2-FA56-4824-BC21-39816864EE88}.Debug|Any CPU.ActiveCfg = Debug|Any CPU
		{A2A6A3B2-FA56-4824-BC21-39816864EE88}.Debug|Any CPU.Build.0 = Debug|Any CPU
		{A2A6A3B2-FA56-4824-BC21-39816864EE88}.Release|Any CPU.ActiveCfg = Release|Any CPU
		{A2A6A3B2-FA56-4824-BC21-39816864EE88}.Release|Any CPU.Build.0 = Release|Any CPU
		{B7D9F649-6895-44A6-986D-C34CF1B8AA40}.Debug|Any CPU.ActiveCfg = Debug|Any CPU
		{B7D9F649-6895-44A6-986D-C34CF1B8AA40}.Debug|Any CPU.Build.0 = Debug|Any CPU
		{B7D9F649-6895-44A6-986D-C34CF1B8AA40}.Release|Any CPU.ActiveCfg = Release|Any CPU
		{B7D9F649-6895-44A6-986D-C34CF1B8AA40}.Release|Any CPU.Build.0 = Release|Any CPU
		{4E12B812-7F2D-4DA2-8585-CFDCDA503EA8}.Debug|Any CPU.ActiveCfg = Debug|Any CPU
		{4E12B812-7F2D-4DA2-8585-CFDCDA503EA8}.Debug|Any CPU.Build.0 = Debug|Any CPU
		{4E12B812-7F2D-4DA2-8585-CFDCDA503EA8}.Release|Any CPU.ActiveCfg = Release|Any CPU
		{4E12B812-7F2D-4DA2-8585-CFDCDA503EA8}.Release|Any CPU.Build.0 = Release|Any CPU
		{7753B361-274B-448C-9786-7199A6B8DB86}.Debug|Any CPU.ActiveCfg = Debug|Any CPU
		{7753B361-274B-448C-9786-7199A6B8DB86}.Debug|Any CPU.Build.0 = Debug|Any CPU
		{7753B361-274B-448C-9786-7199A6B8DB86}.Release|Any CPU.ActiveCfg = Release|Any CPU
		{7753B361-274B-448C-9786-7199A6B8DB86}.Release|Any CPU.Build.0 = Release|Any CPU
		{69AC86FC-D30F-49DD-95F3-71784829E9C7}.Debug|Any CPU.ActiveCfg = Debug|Any CPU
		{69AC86FC-D30F-49DD-95F3-71784829E9C7}.Debug|Any CPU.Build.0 = Debug|Any CPU
		{69AC86FC-D30F-49DD-95F3-71784829E9C7}.Release|Any CPU.ActiveCfg = Release|Any CPU
		{69AC86FC-D30F-49DD-95F3-71784829E9C7}.Release|Any CPU.Build.0 = Release|Any CPU
		{7DA41866-ACA8-4D11-90F2-98CE81F3BD85}.Debug|Any CPU.ActiveCfg = Debug|Any CPU
		{7DA41866-ACA8-4D11-90F2-98CE81F3BD85}.Debug|Any CPU.Build.0 = Debug|Any CPU
		{7DA41866-ACA8-4D11-90F2-98CE81F3BD85}.Release|Any CPU.ActiveCfg = Release|Any CPU
		{7DA41866-ACA8-4D11-90F2-98CE81F3BD85}.Release|Any CPU.Build.0 = Release|Any CPU
		{45270367-91D3-43AC-9458-09C3D1B33E77}.Debug|Any CPU.ActiveCfg = Debug|Any CPU
		{45270367-91D3-43AC-9458-09C3D1B33E77}.Debug|Any CPU.Build.0 = Debug|Any CPU
		{45270367-91D3-43AC-9458-09C3D1B33E77}.Release|Any CPU.ActiveCfg = Release|Any CPU
		{45270367-91D3-43AC-9458-09C3D1B33E77}.Release|Any CPU.Build.0 = Release|Any CPU
		{27371673-FB33-47EB-B0B2-919351B32C17}.Debug|Any CPU.ActiveCfg = Debug|Any CPU
		{27371673-FB33-47EB-B0B2-919351B32C17}.Debug|Any CPU.Build.0 = Debug|Any CPU
		{27371673-FB33-47EB-B0B2-919351B32C17}.Release|Any CPU.ActiveCfg = Release|Any CPU
		{27371673-FB33-47EB-B0B2-919351B32C17}.Release|Any CPU.Build.0 = Release|Any CPU
		{2E1970BA-F9D0-41A7-839C-93D7254D2DF8}.Debug|Any CPU.ActiveCfg = Debug|Any CPU
		{2E1970BA-F9D0-41A7-839C-93D7254D2DF8}.Debug|Any CPU.Build.0 = Debug|Any CPU
		{2E1970BA-F9D0-41A7-839C-93D7254D2DF8}.Release|Any CPU.ActiveCfg = Release|Any CPU
		{2E1970BA-F9D0-41A7-839C-93D7254D2DF8}.Release|Any CPU.Build.0 = Release|Any CPU
		{B970B9A1-D027-4D92-84A5-0D2DCB272535}.Debug|Any CPU.ActiveCfg = Debug|Any CPU
		{B970B9A1-D027-4D92-84A5-0D2DCB272535}.Debug|Any CPU.Build.0 = Debug|Any CPU
		{B970B9A1-D027-4D92-84A5-0D2DCB272535}.Release|Any CPU.ActiveCfg = Release|Any CPU
		{B970B9A1-D027-4D92-84A5-0D2DCB272535}.Release|Any CPU.Build.0 = Release|Any CPU
		{4C4F531A-6885-40E7-A141-5F533CD73D80}.Debug|Any CPU.ActiveCfg = Debug|Any CPU
		{4C4F531A-6885-40E7-A141-5F533CD73D80}.Debug|Any CPU.Build.0 = Debug|Any CPU
		{4C4F531A-6885-40E7-A141-5F533CD73D80}.Release|Any CPU.ActiveCfg = Release|Any CPU
		{4C4F531A-6885-40E7-A141-5F533CD73D80}.Release|Any CPU.Build.0 = Release|Any CPU
		{E3873BF6-D358-4161-8EF0-D0196E0D1446}.Debug|Any CPU.ActiveCfg = Debug|Any CPU
		{E3873BF6-D358-4161-8EF0-D0196E0D1446}.Debug|Any CPU.Build.0 = Debug|Any CPU
		{E3873BF6-D358-4161-8EF0-D0196E0D1446}.Release|Any CPU.ActiveCfg = Release|Any CPU
		{E3873BF6-D358-4161-8EF0-D0196E0D1446}.Release|Any CPU.Build.0 = Release|Any CPU
		{5E58182C-125F-49C5-A73A-F234F8E8C2DA}.Debug|Any CPU.ActiveCfg = Debug|Any CPU
		{5E58182C-125F-49C5-A73A-F234F8E8C2DA}.Debug|Any CPU.Build.0 = Debug|Any CPU
		{5E58182C-125F-49C5-A73A-F234F8E8C2DA}.Release|Any CPU.ActiveCfg = Release|Any CPU
		{5E58182C-125F-49C5-A73A-F234F8E8C2DA}.Release|Any CPU.Build.0 = Release|Any CPU
	EndGlobalSection
	GlobalSection(SolutionProperties) = preSolution
		HideSolutionNode = FALSE
	EndGlobalSection
	GlobalSection(ExtensibilityGlobals) = postSolution
		SolutionGuid = {F87B8639-8961-4367-A100-74A1D337172C}
	EndGlobalSection
EndGlobal
