
Microsoft Visual Studio Solution File, Format Version 12.00
# Visual Studio Version 17
VisualStudioVersion = 17.14.36616.10
MinimumVisualStudioVersion = 10.0.40219.1
Project("{FAE04EC0-301F-11D3-BF4B-00C04F79EFBC}") = "Ex01a", "Ex01a\Ex01a.csproj", "{F007EE0C-FBF9-41FC-B72D-E5381DBD4730}"
EndProject
Project("{FAE04EC0-301F-11D3-BF4B-00C04F79EFBC}") = "Ex01b", "Ex01b\Ex01b.csproj", "{CA5EA765-A3CF-437B-A186-6523DC5ADB87}"
EndProject
Project("{FAE04EC0-301F-11D3-BF4B-00C04F79EFBC}") = "Ex01c", "Ex01c\Ex01c.csproj", "{5B997C53-A24F-4CCD-9CF2-59E47094C807}"
EndProject
Project("{FAE04EC0-301F-11D3-BF4B-00C04F79EFBC}") = "Ex01d", "Ex01d\Ex01d.csproj", "{10A9D957-A128-4BBE-988A-E00AF7E6295C}"
EndProject
Project("{FAE04EC0-301F-11D3-BF4B-00C04F79EFBC}") = "Ex01e", "Ex01e\Ex01e.csproj", "{70BBBC25-DDCC-404D-AA71-CB160646873D}"
EndProject
Project("{FAE04EC0-301F-11D3-BF4B-00C04F79EFBC}") = "Ex01e (var)", "Ex01e (var)\Ex01e (var).csproj", "{1F1A573C-EA6B-4A53-BC5B-0BB030DE2956}"
EndProject
Project("{FAE04EC0-301F-11D3-BF4B-00C04F79EFBC}") = "Ex01f", "Ex01f\Ex01f.csproj", "{FFAE2C58-196B-4FBD-8848-ED328D1A2112}"
EndProject
Project("{FAE04EC0-301F-11D3-BF4B-00C04F79EFBC}") = "Ex01g", "Ex01g\Ex01g.csproj", "{A422F865-4F27-4257-8E94-19E372E9DE97}"
EndProject
Project("{FAE04EC0-301F-11D3-BF4B-00C04F79EFBC}") = "Ex01h", "Ex01h\Ex01h.csproj", "{7CB8FB2A-BAA1-4BA0-A2B8-3D44F8648A20}"
EndProject
Project("{FAE04EC0-301F-11D3-BF4B-00C04F79EFBC}") = "Ex01i", "Ex01i\Ex01i.csproj", "{4AD68F05-4B08-428A-B993-54F6AE3599A5}"
EndProject
Project("{FAE04EC0-301F-11D3-BF4B-00C04F79EFBC}") = "Ex01j", "Ex01j\Ex01j.csproj", "{8866E909-0DC7-448F-8CD0-E646A88C4EED}"
EndProject
Project("{FAE04EC0-301F-11D3-BF4B-00C04F79EFBC}") = "Ex02", "Ex02\Ex02.csproj", "{899B5BE2-B26D-4617-8489-1122CF08BD66}"
EndProject
Project("{FAE04EC0-301F-11D3-BF4B-00C04F79EFBC}") = "Ex03", "Ex03\Ex03.csproj", "{8395326F-27FB-4CEB-908A-2BE0BECA7C0D}"
EndProject
Project("{FAE04EC0-301F-11D3-BF4B-00C04F79EFBC}") = "Ex04", "Ex04\Ex04.csproj", "{C970F341-2DD6-46F3-95A9-83A676995EDD}"
EndProject
Project("{FAE04EC0-301F-11D3-BF4B-00C04F79EFBC}") = "Ex05", "Ex05\Ex05.csproj", "{114DCDDA-27C2-4792-BB6A-6D194EFC3761}"
EndProject
Global
	GlobalSection(SolutionConfigurationPlatforms) = preSolution
		Debug|Any CPU = Debug|Any CPU
		Release|Any CPU = Release|Any CPU
	EndGlobalSection
	GlobalSection(ProjectConfigurationPlatforms) = postSolution
		{F007EE0C-FBF9-41FC-B72D-E5381DBD4730}.Debug|Any CPU.ActiveCfg = Debug|Any CPU
		{F007EE0C-FBF9-41FC-B72D-E5381DBD4730}.Debug|Any CPU.Build.0 = Debug|Any CPU
		{F007EE0C-FBF9-41FC-B72D-E5381DBD4730}.Release|Any CPU.ActiveCfg = Release|Any CPU
		{F007EE0C-FBF9-41FC-B72D-E5381DBD4730}.Release|Any CPU.Build.0 = Release|Any CPU
		{CA5EA765-A3CF-437B-A186-6523DC5ADB87}.Debug|Any CPU.ActiveCfg = Debug|Any CPU
		{CA5EA765-A3CF-437B-A186-6523DC5ADB87}.Debug|Any CPU.Build.0 = Debug|Any CPU
		{CA5EA765-A3CF-437B-A186-6523DC5ADB87}.Release|Any CPU.ActiveCfg = Release|Any CPU
		{CA5EA765-A3CF-437B-A186-6523DC5ADB87}.Release|Any CPU.Build.0 = Release|Any CPU
		{5B997C53-A24F-4CCD-9CF2-59E47094C807}.Debug|Any CPU.ActiveCfg = Debug|Any CPU
		{5B997C53-A24F-4CCD-9CF2-59E47094C807}.Debug|Any CPU.Build.0 = Debug|Any CPU
		{5B997C53-A24F-4CCD-9CF2-59E47094C807}.Release|Any CPU.ActiveCfg = Release|Any CPU
		{5B997C53-A24F-4CCD-9CF2-59E47094C807}.Release|Any CPU.Build.0 = Release|Any CPU
		{10A9D957-A128-4BBE-988A-E00AF7E6295C}.Debug|Any CPU.ActiveCfg = Debug|Any CPU
		{10A9D957-A128-4BBE-988A-E00AF7E6295C}.Debug|Any CPU.Build.0 = Debug|Any CPU
		{10A9D957-A128-4BBE-988A-E00AF7E6295C}.Release|Any CPU.ActiveCfg = Release|Any CPU
		{10A9D957-A128-4BBE-988A-E00AF7E6295C}.Release|Any CPU.Build.0 = Release|Any CPU
		{70BBBC25-DDCC-404D-AA71-CB160646873D}.Debug|Any CPU.ActiveCfg = Debug|Any CPU
		{70BBBC25-DDCC-404D-AA71-CB160646873D}.Debug|Any CPU.Build.0 = Debug|Any CPU
		{70BBBC25-DDCC-404D-AA71-CB160646873D}.Release|Any CPU.ActiveCfg = Release|Any CPU
		{70BBBC25-DDCC-404D-AA71-CB160646873D}.Release|Any CPU.Build.0 = Release|Any CPU
		{1F1A573C-EA6B-4A53-BC5B-0BB030DE2956}.Debug|Any CPU.ActiveCfg = Debug|Any CPU
		{1F1A573C-EA6B-4A53-BC5B-0BB030DE2956}.Debug|Any CPU.Build.0 = Debug|Any CPU
		{1F1A573C-EA6B-4A53-BC5B-0BB030DE2956}.Release|Any CPU.ActiveCfg = Release|Any CPU
		{1F1A573C-EA6B-4A53-BC5B-0BB030DE2956}.Release|Any CPU.Build.0 = Release|Any CPU
		{FFAE2C58-196B-4FBD-8848-ED328D1A2112}.Debug|Any CPU.ActiveCfg = Debug|Any CPU
		{FFAE2C58-196B-4FBD-8848-ED328D1A2112}.Debug|Any CPU.Build.0 = Debug|Any CPU
		{FFAE2C58-196B-4FBD-8848-ED328D1A2112}.Release|Any CPU.ActiveCfg = Release|Any CPU
		{FFAE2C58-196B-4FBD-8848-ED328D1A2112}.Release|Any CPU.Build.0 = Release|Any CPU
		{A422F865-4F27-4257-8E94-19E372E9DE97}.Debug|Any CPU.ActiveCfg = Debug|Any CPU
		{A422F865-4F27-4257-8E94-19E372E9DE97}.Debug|Any CPU.Build.0 = Debug|Any CPU
		{A422F865-4F27-4257-8E94-19E372E9DE97}.Release|Any CPU.ActiveCfg = Release|Any CPU
		{A422F865-4F27-4257-8E94-19E372E9DE97}.Release|Any CPU.Build.0 = Release|Any CPU
		{7CB8FB2A-BAA1-4BA0-A2B8-3D44F8648A20}.Debug|Any CPU.ActiveCfg = Debug|Any CPU
		{7CB8FB2A-BAA1-4BA0-A2B8-3D44F8648A20}.Debug|Any CPU.Build.0 = Debug|Any CPU
		{7CB8FB2A-BAA1-4BA0-A2B8-3D44F8648A20}.Release|Any CPU.ActiveCfg = Release|Any CPU
		{7CB8FB2A-BAA1-4BA0-A2B8-3D44F8648A20}.Release|Any CPU.Build.0 = Release|Any CPU
		{4AD68F05-4B08-428A-B993-54F6AE3599A5}.Debug|Any CPU.ActiveCfg = Debug|Any CPU
		{4AD68F05-4B08-428A-B993-54F6AE3599A5}.Debug|Any CPU.Build.0 = Debug|Any CPU
		{4AD68F05-4B08-428A-B993-54F6AE3599A5}.Release|Any CPU.ActiveCfg = Release|Any CPU
		{4AD68F05-4B08-428A-B993-54F6AE3599A5}.Release|Any CPU.Build.0 = Release|Any CPU
		{8866E909-0DC7-448F-8CD0-E646A88C4EED}.Debug|Any CPU.ActiveCfg = Debug|Any CPU
		{8866E909-0DC7-448F-8CD0-E646A88C4EED}.Debug|Any CPU.Build.0 = Debug|Any CPU
		{8866E909-0DC7-448F-8CD0-E646A88C4EED}.Release|Any CPU.ActiveCfg = Release|Any CPU
		{8866E909-0DC7-448F-8CD0-E646A88C4EED}.Release|Any CPU.Build.0 = Release|Any CPU
		{899B5BE2-B26D-4617-8489-1122CF08BD66}.Debug|Any CPU.ActiveCfg = Debug|Any CPU
		{899B5BE2-B26D-4617-8489-1122CF08BD66}.Debug|Any CPU.Build.0 = Debug|Any CPU
		{899B5BE2-B26D-4617-8489-1122CF08BD66}.Release|Any CPU.ActiveCfg = Release|Any CPU
		{899B5BE2-B26D-4617-8489-1122CF08BD66}.Release|Any CPU.Build.0 = Release|Any CPU
		{8395326F-27FB-4CEB-908A-2BE0BECA7C0D}.Debug|Any CPU.ActiveCfg = Debug|Any CPU
		{8395326F-27FB-4CEB-908A-2BE0BECA7C0D}.Debug|Any CPU.Build.0 = Debug|Any CPU
		{8395326F-27FB-4CEB-908A-2BE0BECA7C0D}.Release|Any CPU.ActiveCfg = Release|Any CPU
		{8395326F-27FB-4CEB-908A-2BE0BECA7C0D}.Release|Any CPU.Build.0 = Release|Any CPU
		{C970F341-2DD6-46F3-95A9-83A676995EDD}.Debug|Any CPU.ActiveCfg = Debug|Any CPU
		{C970F341-2DD6-46F3-95A9-83A676995EDD}.Debug|Any CPU.Build.0 = Debug|Any CPU
		{C970F341-2DD6-46F3-95A9-83A676995EDD}.Release|Any CPU.ActiveCfg = Release|Any CPU
		{C970F341-2DD6-46F3-95A9-83A676995EDD}.Release|Any CPU.Build.0 = Release|Any CPU
		{114DCDDA-27C2-4792-BB6A-6D194EFC3761}.Debug|Any CPU.ActiveCfg = Debug|Any CPU
		{114DCDDA-27C2-4792-BB6A-6D194EFC3761}.Debug|Any CPU.Build.0 = Debug|Any CPU
		{114DCDDA-27C2-4792-BB6A-6D194EFC3761}.Release|Any CPU.ActiveCfg = Release|Any CPU
		{114DCDDA-27C2-4792-BB6A-6D194EFC3761}.Release|Any CPU.Build.0 = Release|Any CPU
	EndGlobalSection
	GlobalSection(SolutionProperties) = preSolution
		HideSolutionNode = FALSE
	EndGlobalSection
	GlobalSection(ExtensibilityGlobals) = postSolution
		SolutionGuid = {09EABB7E-3139-4041-A39D-DB2EC571A410}
	EndGlobalSection
EndGlobal
