
Microsoft Visual Studio Solution File, Format Version 12.00
# Visual Studio Version 17
VisualStudioVersion = 17.14.36616.10 d17.14
MinimumVisualStudioVersion = 10.0.40219.1
Project("{FAE04EC0-301F-11D3-BF4B-00C04F79EFBC}") = "ex01", "ex01\ex01.csproj", "{73D1C287-423A-4079-BF90-9985AA1E1C0E}"
EndProject
Global
	GlobalSection(SolutionConfigurationPlatforms) = preSolution
		Debug|Any CPU = Debug|Any CPU
		Release|Any CPU = Release|Any CPU
	EndGlobalSection
	GlobalSection(ProjectConfigurationPlatforms) = postSolution
		{73D1C287-423A-4079-BF90-9985AA1E1C0E}.Debug|Any CPU.ActiveCfg = Debug|Any CPU
		{73D1C287-423A-4079-BF90-9985AA1E1C0E}.Debug|Any CPU.Build.0 = Debug|Any CPU
		{73D1C287-423A-4079-BF90-9985AA1E1C0E}.Release|Any CPU.ActiveCfg = Release|Any CPU
		{73D1C287-423A-4079-BF90-9985AA1E1C0E}.Release|Any CPU.Build.0 = Release|Any CPU
	EndGlobalSection
	GlobalSection(SolutionProperties) = preSolution
		HideSolutionNode = FALSE
	EndGlobalSection
	GlobalSection(ExtensibilityGlobals) = postSolution
		SolutionGuid = {283576FA-39F7-4C74-ADD7-9A76D1D678A1}
	EndGlobalSection
EndGlobal
