
Microsoft Visual Studio Solution File, Format Version 12.00
# Visual Studio Version 17
VisualStudioVersion = 17.14.36705.20
MinimumVisualStudioVersion = 10.0.40219.1
Project("{FAE04EC0-301F-11D3-BF4B-00C04F79EFBC}") = "Llistes", "Llistes\Llistes.csproj", "{AF0CCE47-C9FF-4928-897F-74224BBE54B9}"
EndProject
Project("{FAE04EC0-301F-11D3-BF4B-00C04F79EFBC}") = "TestLlistes", "TestLlistes\TestLlistes.csproj", "{61992B11-2CC6-48FF-8F7E-27C1646E811D}"
EndProject
Project("{FAE04EC0-301F-11D3-BF4B-00C04F79EFBC}") = "Ex01", "Ex01\Ex01.csproj", "{44304FBC-3C59-41FC-A034-2440EBDE0F26}"
EndProject
Project("{FAE04EC0-301F-11D3-BF4B-00C04F79EFBC}") = "Ex02", "Ex02\Ex02.csproj", "{74D734B2-B873-4328-9F65-83395E5F95B2}"
EndProject
Project("{FAE04EC0-301F-11D3-BF4B-00C04F79EFBC}") = "Ex03", "Ex03\Ex03.csproj", "{01E959B4-2727-48A3-8279-8B88136703AB}"
EndProject
Project("{FAE04EC0-301F-11D3-BF4B-00C04F79EFBC}") = "Ex04", "Ex04\Ex04.csproj", "{7923CD41-C850-4089-BD05-E9C5C76139EB}"
EndProject
Project("{FAE04EC0-301F-11D3-BF4B-00C04F79EFBC}") = "Ex05", "Ex05\Ex05.csproj", "{0AB1907D-9238-42AE-AD14-216FFB053B16}"
EndProject
Project("{FAE04EC0-301F-11D3-BF4B-00C04F79EFBC}") = "Ex06", "Ex06\Ex06.csproj", "{87689B5C-F331-493D-8826-41750F837AA4}"
EndProject
Project("{FAE04EC0-301F-11D3-BF4B-00C04F79EFBC}") = "Ex07", "Ex07\Ex07.csproj", "{06FFC5DC-D5B6-43FB-9FF0-EFD4B78132D1}"
EndProject
Project("{FAE04EC0-301F-11D3-BF4B-00C04F79EFBC}") = "Ex08", "Ex08\Ex08.csproj", "{ADD0B874-E0A7-4F47-B09D-0FE57290E97D}"
EndProject
Project("{FAE04EC0-301F-11D3-BF4B-00C04F79EFBC}") = "Ex09", "Ex09\Ex09.csproj", "{AB37A92A-9708-44B9-9085-14BC8AFDE6E2}"
EndProject
Project("{FAE04EC0-301F-11D3-BF4B-00C04F79EFBC}") = "Ex10", "Ex10\Ex10.csproj", "{0AEF50A8-3EE5-44C7-8F2B-DACEE4291967}"
EndProject
Project("{FAE04EC0-301F-11D3-BF4B-00C04F79EFBC}") = "Ex11", "Ex11\Ex11.csproj", "{95AA3C7E-36A0-46BE-BD03-A6D6732C2068}"
EndProject
Project("{FAE04EC0-301F-11D3-BF4B-00C04F79EFBC}") = "Ex12", "Ex12\Ex12.csproj", "{8F681D27-4F72-4C10-9154-9C5049FD5824}"
EndProject
Project("{FAE04EC0-301F-11D3-BF4B-00C04F79EFBC}") = "Ex13", "Ex13\Ex13.csproj", "{E1DBA6EB-B3B9-4686-AC3A-2797BDC71BE5}"
EndProject
Project("{FAE04EC0-301F-11D3-BF4B-00C04F79EFBC}") = "Ex16", "Ex16\Ex16.csproj", "{FB8E543F-E61D-4277-A17C-90270DCFB1EF}"
EndProject
Project("{FAE04EC0-301F-11D3-BF4B-00C04F79EFBC}") = "Ex14", "Ex14\Ex14.csproj", "{1DE952C8-1E0A-4D8D-87B5-5E7DC15E7220}"
EndProject
Project("{FAE04EC0-301F-11D3-BF4B-00C04F79EFBC}") = "Ex15", "Ex15\Ex15.csproj", "{117AE863-53EE-48D4-9049-DDF222BF6F84}"
EndProject
Project("{FAE04EC0-301F-11D3-BF4B-00C04F79EFBC}") = "Ex17", "Ex17\Ex17.csproj", "{F24FB004-711C-4F6B-8268-CF505AF718A4}"
EndProject
Project("{FAE04EC0-301F-11D3-BF4B-00C04F79EFBC}") = "Ex18", "Ex18\Ex18.csproj", "{EF701516-0EEB-4CAA-BF0E-ED3BBEE810C0}"
EndProject
Project("{FAE04EC0-301F-11D3-BF4B-00C04F79EFBC}") = "Ex19", "Ex19\Ex19.csproj", "{2A7E9EAE-20AE-4E0D-9FFE-9E8F9961C3ED}"
EndProject
Project("{FAE04EC0-301F-11D3-BF4B-00C04F79EFBC}") = "Ex20", "Ex20\Ex20.csproj", "{3895CE06-2AD0-4FC8-98A9-B0B9B43F7D6D}"
EndProject
Project("{FAE04EC0-301F-11D3-BF4B-00C04F79EFBC}") = "Ex21", "Ex21\Ex21.csproj", "{418BE989-64C4-4685-8116-D0DD7B95A65B}"
EndProject
Project("{FAE04EC0-301F-11D3-BF4B-00C04F79EFBC}") = "Ex22", "Ex22\Ex22.csproj", "{CD44A43B-F06B-4746-A0FE-88B7A7DD8A71}"
EndProject
Global
	GlobalSection(SolutionConfigurationPlatforms) = preSolution
		Debug|Any CPU = Debug|Any CPU
		Release|Any CPU = Release|Any CPU
	EndGlobalSection
	GlobalSection(ProjectConfigurationPlatforms) = postSolution
		{AF0CCE47-C9FF-4928-897F-74224BBE54B9}.Debug|Any CPU.ActiveCfg = Debug|Any CPU
		{AF0CCE47-C9FF-4928-897F-74224BBE54B9}.Debug|Any CPU.Build.0 = Debug|Any CPU
		{AF0CCE47-C9FF-4928-897F-74224BBE54B9}.Release|Any CPU.ActiveCfg = Release|Any CPU
		{AF0CCE47-C9FF-4928-897F-74224BBE54B9}.Release|Any CPU.Build.0 = Release|Any CPU
		{61992B11-2CC6-48FF-8F7E-27C1646E811D}.Debug|Any CPU.ActiveCfg = Debug|Any CPU
		{61992B11-2CC6-48FF-8F7E-27C1646E811D}.Debug|Any CPU.Build.0 = Debug|Any CPU
		{61992B11-2CC6-48FF-8F7E-27C1646E811D}.Release|Any CPU.ActiveCfg = Release|Any CPU
		{61992B11-2CC6-48FF-8F7E-27C1646E811D}.Release|Any CPU.Build.0 = Release|Any CPU
		{44304FBC-3C59-41FC-A034-2440EBDE0F26}.Debug|Any CPU.ActiveCfg = Debug|Any CPU
		{44304FBC-3C59-41FC-A034-2440EBDE0F26}.Debug|Any CPU.Build.0 = Debug|Any CPU
		{44304FBC-3C59-41FC-A034-2440EBDE0F26}.Release|Any CPU.ActiveCfg = Release|Any CPU
		{44304FBC-3C59-41FC-A034-2440EBDE0F26}.Release|Any CPU.Build.0 = Release|Any CPU
		{74D734B2-B873-4328-9F65-83395E5F95B2}.Debug|Any CPU.ActiveCfg = Debug|Any CPU
		{74D734B2-B873-4328-9F65-83395E5F95B2}.Debug|Any CPU.Build.0 = Debug|Any CPU
		{74D734B2-B873-4328-9F65-83395E5F95B2}.Release|Any CPU.ActiveCfg = Release|Any CPU
		{74D734B2-B873-4328-9F65-83395E5F95B2}.Release|Any CPU.Build.0 = Release|Any CPU
		{01E959B4-2727-48A3-8279-8B88136703AB}.Debug|Any CPU.ActiveCfg = Debug|Any CPU
		{01E959B4-2727-48A3-8279-8B88136703AB}.Debug|Any CPU.Build.0 = Debug|Any CPU
		{01E959B4-2727-48A3-8279-8B88136703AB}.Release|Any CPU.ActiveCfg = Release|Any CPU
		{01E959B4-2727-48A3-8279-8B88136703AB}.Release|Any CPU.Build.0 = Release|Any CPU
		{7923CD41-C850-4089-BD05-E9C5C76139EB}.Debug|Any CPU.ActiveCfg = Debug|Any CPU
		{7923CD41-C850-4089-BD05-E9C5C76139EB}.Debug|Any CPU.Build.0 = Debug|Any CPU
		{7923CD41-C850-4089-BD05-E9C5C76139EB}.Release|Any CPU.ActiveCfg = Release|Any CPU
		{7923CD41-C850-4089-BD05-E9C5C76139EB}.Release|Any CPU.Build.0 = Release|Any CPU
		{0AB1907D-9238-42AE-AD14-216FFB053B16}.Debug|Any CPU.ActiveCfg = Debug|Any CPU
		{0AB1907D-9238-42AE-AD14-216FFB053B16}.Debug|Any CPU.Build.0 = Debug|Any CPU
		{0AB1907D-9238-42AE-AD14-216FFB053B16}.Release|Any CPU.ActiveCfg = Release|Any CPU
		{0AB1907D-9238-42AE-AD14-216FFB053B16}.Release|Any CPU.Build.0 = Release|Any CPU
		{87689B5C-F331-493D-8826-41750F837AA4}.Debug|Any CPU.ActiveCfg = Debug|Any CPU
		{87689B5C-F331-493D-8826-41750F837AA4}.Debug|Any CPU.Build.0 = Debug|Any CPU
		{87689B5C-F331-493D-8826-41750F837AA4}.Release|Any CPU.ActiveCfg = Release|Any CPU
		{87689B5C-F331-493D-8826-41750F837AA4}.Release|Any CPU.Build.0 = Release|Any CPU
		{06FFC5DC-D5B6-43FB-9FF0-EFD4B78132D1}.Debug|Any CPU.ActiveCfg = Debug|Any CPU
		{06FFC5DC-D5B6-43FB-9FF0-EFD4B78132D1}.Debug|Any CPU.Build.0 = Debug|Any CPU
		{06FFC5DC-D5B6-43FB-9FF0-EFD4B78132D1}.Release|Any CPU.ActiveCfg = Release|Any CPU
		{06FFC5DC-D5B6-43FB-9FF0-EFD4B78132D1}.Release|Any CPU.Build.0 = Release|Any CPU
		{ADD0B874-E0A7-4F47-B09D-0FE57290E97D}.Debug|Any CPU.ActiveCfg = Debug|Any CPU
		{ADD0B874-E0A7-4F47-B09D-0FE57290E97D}.Debug|Any CPU.Build.0 = Debug|Any CPU
		{ADD0B874-E0A7-4F47-B09D-0FE57290E97D}.Release|Any CPU.ActiveCfg = Release|Any CPU
		{ADD0B874-E0A7-4F47-B09D-0FE57290E97D}.Release|Any CPU.Build.0 = Release|Any CPU
		{AB37A92A-9708-44B9-9085-14BC8AFDE6E2}.Debug|Any CPU.ActiveCfg = Debug|Any CPU
		{AB37A92A-9708-44B9-9085-14BC8AFDE6E2}.Debug|Any CPU.Build.0 = Debug|Any CPU
		{AB37A92A-9708-44B9-9085-14BC8AFDE6E2}.Release|Any CPU.ActiveCfg = Release|Any CPU
		{AB37A92A-9708-44B9-9085-14BC8AFDE6E2}.Release|Any CPU.Build.0 = Release|Any CPU
		{0AEF50A8-3EE5-44C7-8F2B-DACEE4291967}.Debug|Any CPU.ActiveCfg = Debug|Any CPU
		{0AEF50A8-3EE5-44C7-8F2B-DACEE4291967}.Debug|Any CPU.Build.0 = Debug|Any CPU
		{0AEF50A8-3EE5-44C7-8F2B-DACEE4291967}.Release|Any CPU.ActiveCfg = Release|Any CPU
		{0AEF50A8-3EE5-44C7-8F2B-DACEE4291967}.Release|Any CPU.Build.0 = Release|Any CPU
		{95AA3C7E-36A0-46BE-BD03-A6D6732C2068}.Debug|Any CPU.ActiveCfg = Debug|Any CPU
		{95AA3C7E-36A0-46BE-BD03-A6D6732C2068}.Debug|Any CPU.Build.0 = Debug|Any CPU
		{95AA3C7E-36A0-46BE-BD03-A6D6732C2068}.Release|Any CPU.ActiveCfg = Release|Any CPU
		{95AA3C7E-36A0-46BE-BD03-A6D6732C2068}.Release|Any CPU.Build.0 = Release|Any CPU
		{8F681D27-4F72-4C10-9154-9C5049FD5824}.Debug|Any CPU.ActiveCfg = Debug|Any CPU
		{8F681D27-4F72-4C10-9154-9C5049FD5824}.Debug|Any CPU.Build.0 = Debug|Any CPU
		{8F681D27-4F72-4C10-9154-9C5049FD5824}.Release|Any CPU.ActiveCfg = Release|Any CPU
		{8F681D27-4F72-4C10-9154-9C5049FD5824}.Release|Any CPU.Build.0 = Release|Any CPU
		{E1DBA6EB-B3B9-4686-AC3A-2797BDC71BE5}.Debug|Any CPU.ActiveCfg = Debug|Any CPU
		{E1DBA6EB-B3B9-4686-AC3A-2797BDC71BE5}.Debug|Any CPU.Build.0 = Debug|Any CPU
		{E1DBA6EB-B3B9-4686-AC3A-2797BDC71BE5}.Release|Any CPU.ActiveCfg = Release|Any CPU
		{E1DBA6EB-B3B9-4686-AC3A-2797BDC71BE5}.Release|Any CPU.Build.0 = Release|Any CPU
		{FB8E543F-E61D-4277-A17C-90270DCFB1EF}.Debug|Any CPU.ActiveCfg = Debug|Any CPU
		{FB8E543F-E61D-4277-A17C-90270DCFB1EF}.Debug|Any CPU.Build.0 = Debug|Any CPU
		{FB8E543F-E61D-4277-A17C-90270DCFB1EF}.Release|Any CPU.ActiveCfg = Release|Any CPU
		{FB8E543F-E61D-4277-A17C-90270DCFB1EF}.Release|Any CPU.Build.0 = Release|Any CPU
		{1DE952C8-1E0A-4D8D-87B5-5E7DC15E7220}.Debug|Any CPU.ActiveCfg = Debug|Any CPU
		{1DE952C8-1E0A-4D8D-87B5-5E7DC15E7220}.Debug|Any CPU.Build.0 = Debug|Any CPU
		{1DE952C8-1E0A-4D8D-87B5-5E7DC15E7220}.Release|Any CPU.ActiveCfg = Release|Any CPU
		{1DE952C8-1E0A-4D8D-87B5-5E7DC15E7220}.Release|Any CPU.Build.0 = Release|Any CPU
		{117AE863-53EE-48D4-9049-DDF222BF6F84}.Debug|Any CPU.ActiveCfg = Debug|Any CPU
		{117AE863-53EE-48D4-9049-DDF222BF6F84}.Debug|Any CPU.Build.0 = Debug|Any CPU
		{117AE863-53EE-48D4-9049-DDF222BF6F84}.Release|Any CPU.ActiveCfg = Release|Any CPU
		{117AE863-53EE-48D4-9049-DDF222BF6F84}.Release|Any CPU.Build.0 = Release|Any CPU
		{F24FB004-711C-4F6B-8268-CF505AF718A4}.Debug|Any CPU.ActiveCfg = Debug|Any CPU
		{F24FB004-711C-4F6B-8268-CF505AF718A4}.Debug|Any CPU.Build.0 = Debug|Any CPU
		{F24FB004-711C-4F6B-8268-CF505AF718A4}.Release|Any CPU.ActiveCfg = Release|Any CPU
		{F24FB004-711C-4F6B-8268-CF505AF718A4}.Release|Any CPU.Build.0 = Release|Any CPU
		{EF701516-0EEB-4CAA-BF0E-ED3BBEE810C0}.Debug|Any CPU.ActiveCfg = Debug|Any CPU
		{EF701516-0EEB-4CAA-BF0E-ED3BBEE810C0}.Debug|Any CPU.Build.0 = Debug|Any CPU
		{EF701516-0EEB-4CAA-BF0E-ED3BBEE810C0}.Release|Any CPU.ActiveCfg = Release|Any CPU
		{EF701516-0EEB-4CAA-BF0E-ED3BBEE810C0}.Release|Any CPU.Build.0 = Release|Any CPU
		{2A7E9EAE-20AE-4E0D-9FFE-9E8F9961C3ED}.Debug|Any CPU.ActiveCfg = Debug|Any CPU
		{2A7E9EAE-20AE-4E0D-9FFE-9E8F9961C3ED}.Debug|Any CPU.Build.0 = Debug|Any CPU
		{2A7E9EAE-20AE-4E0D-9FFE-9E8F9961C3ED}.Release|Any CPU.ActiveCfg = Release|Any CPU
		{2A7E9EAE-20AE-4E0D-9FFE-9E8F9961C3ED}.Release|Any CPU.Build.0 = Release|Any CPU
		{3895CE06-2AD0-4FC8-98A9-B0B9B43F7D6D}.Debug|Any CPU.ActiveCfg = Debug|Any CPU
		{3895CE06-2AD0-4FC8-98A9-B0B9B43F7D6D}.Debug|Any CPU.Build.0 = Debug|Any CPU
		{3895CE06-2AD0-4FC8-98A9-B0B9B43F7D6D}.Release|Any CPU.ActiveCfg = Release|Any CPU
		{3895CE06-2AD0-4FC8-98A9-B0B9B43F7D6D}.Release|Any CPU.Build.0 = Release|Any CPU
		{418BE989-64C4-4685-8116-D0DD7B95A65B}.Debug|Any CPU.ActiveCfg = Debug|Any CPU
		{418BE989-64C4-4685-8116-D0DD7B95A65B}.Debug|Any CPU.Build.0 = Debug|Any CPU
		{418BE989-64C4-4685-8116-D0DD7B95A65B}.Release|Any CPU.ActiveCfg = Release|Any CPU
		{418BE989-64C4-4685-8116-D0DD7B95A65B}.Release|Any CPU.Build.0 = Release|Any CPU
		{CD44A43B-F06B-4746-A0FE-88B7A7DD8A71}.Debug|Any CPU.ActiveCfg = Debug|Any CPU
		{CD44A43B-F06B-4746-A0FE-88B7A7DD8A71}.Debug|Any CPU.Build.0 = Debug|Any CPU
		{CD44A43B-F06B-4746-A0FE-88B7A7DD8A71}.Release|Any CPU.ActiveCfg = Release|Any CPU
		{CD44A43B-F06B-4746-A0FE-88B7A7DD8A71}.Release|Any CPU.Build.0 = Release|Any CPU
	EndGlobalSection
	GlobalSection(SolutionProperties) = preSolution
		HideSolutionNode = FALSE
	EndGlobalSection
	GlobalSection(ExtensibilityGlobals) = postSolution
		SolutionGuid = {335BA259-BFD2-4940-975D-71BC604B2D2B}
	EndGlobalSection
EndGlobal
